
Microsoft Visual Studio Solution File, Format Version 12.00
# Visual Studio Version 17
VisualStudioVersion = 17.5.33424.131
MinimumVisualStudioVersion = 10.0.40219.1
Project("{FAE04EC0-301F-11D3-BF4B-00C04F79EFBC}") = "PSW_Schedule_API", "PSW_Schedule_API.csproj", "{34B4EDD5-503D-4747-98F2-BCF16EEB896D}"
EndProject
Global
	GlobalSection(SolutionConfigurationPlatforms) = preSolution
		Debug|Any CPU = Debug|Any CPU
		Release|Any CPU = Release|Any CPU
	EndGlobalSection
	GlobalSection(ProjectConfigurationPlatforms) = postSolution
		{34B4EDD5-503D-4747-98F2-BCF16EEB896D}.Debug|Any CPU.ActiveCfg = Debug|Any CPU
		{34B4EDD5-503D-4747-98F2-BCF16EEB896D}.Debug|Any CPU.Build.0 = Debug|Any CPU
		{34B4EDD5-503D-4747-98F2-BCF16EEB896D}.Release|Any CPU.ActiveCfg = Release|Any CPU
		{34B4EDD5-503D-4747-98F2-BCF16EEB896D}.Release|Any CPU.Build.0 = Release|Any CPU
	EndGlobalSection
	GlobalSection(SolutionProperties) = preSolution
		HideSolutionNode = FALSE
	EndGlobalSection
	GlobalSection(ExtensibilityGlobals) = postSolution
		SolutionGuid = {9C9E8B9D-BC09-4F73-A72F-B868835F5C6B}
	EndGlobalSection
EndGlobal
